
Microsoft Visual Studio Solution File, Format Version 12.00
# Visual Studio Version 16
VisualStudioVersion = 16.0.29728.190
MinimumVisualStudioVersion = 10.0.40219.1
Project("{FAE04EC0-301F-11D3-BF4B-00C04F79EFBC}") = "SMTPServ", "SMTPServ.csproj", "{4FC8B9E2-86E0-4981-B36D-1F850CC4CBFD}"
EndProject
Project("{FAE04EC0-301F-11D3-BF4B-00C04F79EFBC}") = "Client", "..\Client\Client.csproj", "{717D2C87-825D-4A91-8E9D-332FCB602B56}"
EndProject
Global
	GlobalSection(SolutionConfigurationPlatforms) = preSolution
		Debug|Any CPU = Debug|Any CPU
		Release|Any CPU = Release|Any CPU
	EndGlobalSection
	GlobalSection(ProjectConfigurationPlatforms) = postSolution
		{4FC8B9E2-86E0-4981-B36D-1F850CC4CBFD}.Debug|Any CPU.ActiveCfg = Debug|Any CPU
		{4FC8B9E2-86E0-4981-B36D-1F850CC4CBFD}.Debug|Any CPU.Build.0 = Debug|Any CPU
		{4FC8B9E2-86E0-4981-B36D-1F850CC4CBFD}.Release|Any CPU.ActiveCfg = Release|Any CPU
		{4FC8B9E2-86E0-4981-B36D-1F850CC4CBFD}.Release|Any CPU.Build.0 = Release|Any CPU
		{717D2C87-825D-4A91-8E9D-332FCB602B56}.Debug|Any CPU.ActiveCfg = Debug|Any CPU
		{717D2C87-825D-4A91-8E9D-332FCB602B56}.Debug|Any CPU.Build.0 = Debug|Any CPU
		{717D2C87-825D-4A91-8E9D-332FCB602B56}.Release|Any CPU.ActiveCfg = Release|Any CPU
		{717D2C87-825D-4A91-8E9D-332FCB602B56}.Release|Any CPU.Build.0 = Release|Any CPU
	EndGlobalSection
	GlobalSection(SolutionProperties) = preSolution
		HideSolutionNode = FALSE
	EndGlobalSection
	GlobalSection(ExtensibilityGlobals) = postSolution
		SolutionGuid = {2C51BEB0-2AF2-4233-9BFA-D9D17D82F352}
	EndGlobalSection
EndGlobal
