
Microsoft Visual Studio Solution File, Format Version 12.00
# Visual Studio 15
VisualStudioVersion = 15.0.28307.645
MinimumVisualStudioVersion = 10.0.40219.1
Project("{FAE04EC0-301F-11D3-BF4B-00C04F79EFBC}") = "Client", "udp\Client.csproj", "{A5463E90-D8A4-420C-AFE1-D8B0759193B0}"
EndProject
Project("{FAE04EC0-301F-11D3-BF4B-00C04F79EFBC}") = "Server", "Server\Server.csproj", "{7BDC4CA4-AF05-45FE-9923-05B03749F402}"
EndProject
Global
	GlobalSection(SolutionConfigurationPlatforms) = preSolution
		Debug|Any CPU = Debug|Any CPU
		Release|Any CPU = Release|Any CPU
	EndGlobalSection
	GlobalSection(ProjectConfigurationPlatforms) = postSolution
		{A5463E90-D8A4-420C-AFE1-D8B0759193B0}.Debug|Any CPU.ActiveCfg = Debug|Any CPU
		{A5463E90-D8A4-420C-AFE1-D8B0759193B0}.Debug|Any CPU.Build.0 = Debug|Any CPU
		{A5463E90-D8A4-420C-AFE1-D8B0759193B0}.Release|Any CPU.ActiveCfg = Release|Any CPU
		{A5463E90-D8A4-420C-AFE1-D8B0759193B0}.Release|Any CPU.Build.0 = Release|Any CPU
		{7BDC4CA4-AF05-45FE-9923-05B03749F402}.Debug|Any CPU.ActiveCfg = Debug|Any CPU
		{7BDC4CA4-AF05-45FE-9923-05B03749F402}.Debug|Any CPU.Build.0 = Debug|Any CPU
		{7BDC4CA4-AF05-45FE-9923-05B03749F402}.Release|Any CPU.ActiveCfg = Release|Any CPU
		{7BDC4CA4-AF05-45FE-9923-05B03749F402}.Release|Any CPU.Build.0 = Release|Any CPU
	EndGlobalSection
	GlobalSection(SolutionProperties) = preSolution
		HideSolutionNode = FALSE
	EndGlobalSection
	GlobalSection(ExtensibilityGlobals) = postSolution
		SolutionGuid = {C9873DFD-D71F-4A8F-8D35-3042143C6504}
	EndGlobalSection
EndGlobal
