
Microsoft Visual Studio Solution File, Format Version 12.00
# Visual Studio Version 16
VisualStudioVersion = 16.0.29728.190
MinimumVisualStudioVersion = 10.0.40219.1
Project("{FAE04EC0-301F-11D3-BF4B-00C04F79EFBC}") = "WindowsFormsApp1", "WindowsFormsApp1.csproj", "{E777375B-2088-4D64-8B8D-01486CCE8B03}"
EndProject
Global
	GlobalSection(SolutionConfigurationPlatforms) = preSolution
		Debug|Any CPU = Debug|Any CPU
		Release|Any CPU = Release|Any CPU
	EndGlobalSection
	GlobalSection(ProjectConfigurationPlatforms) = postSolution
		{E777375B-2088-4D64-8B8D-01486CCE8B03}.Debug|Any CPU.ActiveCfg = Debug|Any CPU
		{E777375B-2088-4D64-8B8D-01486CCE8B03}.Debug|Any CPU.Build.0 = Debug|Any CPU
		{E777375B-2088-4D64-8B8D-01486CCE8B03}.Release|Any CPU.ActiveCfg = Release|Any CPU
		{E777375B-2088-4D64-8B8D-01486CCE8B03}.Release|Any CPU.Build.0 = Release|Any CPU
	EndGlobalSection
	GlobalSection(SolutionProperties) = preSolution
		HideSolutionNode = FALSE
	EndGlobalSection
	GlobalSection(ExtensibilityGlobals) = postSolution
		SolutionGuid = {40DAAE1F-674C-42F3-AE68-FD0855778B22}
	EndGlobalSection
EndGlobal
