
Microsoft Visual Studio Solution File, Format Version 12.00
# Visual Studio Version 16
VisualStudioVersion = 16.0.29728.190
MinimumVisualStudioVersion = 10.0.40219.1
Project("{FAE04EC0-301F-11D3-BF4B-00C04F79EFBC}") = "Events", "Events.csproj", "{5AD18DF2-7F3E-484F-8796-2174E68F4640}"
EndProject
Global
	GlobalSection(SolutionConfigurationPlatforms) = preSolution
		Debug|Any CPU = Debug|Any CPU
		Release|Any CPU = Release|Any CPU
	EndGlobalSection
	GlobalSection(ProjectConfigurationPlatforms) = postSolution
		{5AD18DF2-7F3E-484F-8796-2174E68F4640}.Debug|Any CPU.ActiveCfg = Debug|Any CPU
		{5AD18DF2-7F3E-484F-8796-2174E68F4640}.Debug|Any CPU.Build.0 = Debug|Any CPU
		{5AD18DF2-7F3E-484F-8796-2174E68F4640}.Release|Any CPU.ActiveCfg = Release|Any CPU
		{5AD18DF2-7F3E-484F-8796-2174E68F4640}.Release|Any CPU.Build.0 = Release|Any CPU
	EndGlobalSection
	GlobalSection(SolutionProperties) = preSolution
		HideSolutionNode = FALSE
	EndGlobalSection
	GlobalSection(ExtensibilityGlobals) = postSolution
		SolutionGuid = {E9613709-F694-4853-9245-D8A2F574EA02}
	EndGlobalSection
EndGlobal
